
Microsoft Visual Studio Solution File, Format Version 12.00
# Visual Studio Version 16
VisualStudioVersion = 16.0.30204.135
MinimumVisualStudioVersion = 10.0.40219.1
Project("{9A19103F-16F7-4668-BE54-9A1E7A4F7556}") = "AlgorithmsLeetCode", "AlgorithmsTry\AlgorithmsLeetCode.csproj", "{93A4EAA8-DC79-4890-B0A7-A211B5B661C9}"
EndProject
Project("{9A19103F-16F7-4668-BE54-9A1E7A4F7556}") = "OlegsInterview", "OlegsInterview\OlegsInterview.csproj", "{53C4DE53-901B-4405-B03E-940FC8A02C79}"
EndProject
Project("{F2A71F9B-5D33-465A-A702-920D77279786}") = "AlgorithmsLeetCodeFSharp", "..\AlgorithmsDotNet\AlgorithmsLeetCodeFSharp\AlgorithmsLeetCodeFSharp.fsproj", "{8C957135-6108-4718-9423-DB64E735121F}"
EndProject
Global
	GlobalSection(SolutionConfigurationPlatforms) = preSolution
		Debug|Any CPU = Debug|Any CPU
		Release|Any CPU = Release|Any CPU
	EndGlobalSection
	GlobalSection(ProjectConfigurationPlatforms) = postSolution
		{93A4EAA8-DC79-4890-B0A7-A211B5B661C9}.Debug|Any CPU.ActiveCfg = Debug|Any CPU
		{93A4EAA8-DC79-4890-B0A7-A211B5B661C9}.Debug|Any CPU.Build.0 = Debug|Any CPU
		{93A4EAA8-DC79-4890-B0A7-A211B5B661C9}.Release|Any CPU.ActiveCfg = Release|Any CPU
		{93A4EAA8-DC79-4890-B0A7-A211B5B661C9}.Release|Any CPU.Build.0 = Release|Any CPU
		{53C4DE53-901B-4405-B03E-940FC8A02C79}.Debug|Any CPU.ActiveCfg = Debug|Any CPU
		{53C4DE53-901B-4405-B03E-940FC8A02C79}.Debug|Any CPU.Build.0 = Debug|Any CPU
		{53C4DE53-901B-4405-B03E-940FC8A02C79}.Release|Any CPU.ActiveCfg = Release|Any CPU
		{53C4DE53-901B-4405-B03E-940FC8A02C79}.Release|Any CPU.Build.0 = Release|Any CPU
		{8C957135-6108-4718-9423-DB64E735121F}.Debug|Any CPU.ActiveCfg = Debug|Any CPU
		{8C957135-6108-4718-9423-DB64E735121F}.Debug|Any CPU.Build.0 = Debug|Any CPU
		{8C957135-6108-4718-9423-DB64E735121F}.Release|Any CPU.ActiveCfg = Release|Any CPU
		{8C957135-6108-4718-9423-DB64E735121F}.Release|Any CPU.Build.0 = Release|Any CPU
	EndGlobalSection
	GlobalSection(SolutionProperties) = preSolution
		HideSolutionNode = FALSE
	EndGlobalSection
	GlobalSection(ExtensibilityGlobals) = postSolution
		SolutionGuid = {09682BA2-3421-4152-90E0-49E36771EB1E}
	EndGlobalSection
EndGlobal
